// !$*UTF8*$!
{
	archiveVersion = 1;
	classes = {
	};
	objectVersion = 56;
	objects = {

/* Begin PBXBuildFile section */
		B266C94A1CFE5E75170C6FF2 /* Pods_Yummie.framework in Frameworks */ = {isa = PBXBuildFile; fileRef = 87D41A5A7973190B86F75F0C /* Pods_Yummie.framework */; };
		D84F197429F7D0CD0034C6C6 /* CategoryCollectionViewCell.swift in Sources */ = {isa = PBXBuildFile; fileRef = D84F197229F7D0CD0034C6C6 /* CategoryCollectionViewCell.swift */; };
		D84F197529F7D0CD0034C6C6 /* CategoryCollectionViewCell.xib in Resources */ = {isa = PBXBuildFile; fileRef = D84F197329F7D0CD0034C6C6 /* CategoryCollectionViewCell.xib */; };
		D84F197729F7D3C30034C6C6 /* DishCategory.swift in Sources */ = {isa = PBXBuildFile; fileRef = D84F197629F7D3C30034C6C6 /* DishCategory.swift */; };
		D84F197929F7D5DA0034C6C6 /* String+Extention.swift in Sources */ = {isa = PBXBuildFile; fileRef = D84F197829F7D5DA0034C6C6 /* String+Extention.swift */; };
		D8AC936C2A010FF600802E9B /* CardView.swift in Sources */ = {isa = PBXBuildFile; fileRef = D8AC936B2A010FF600802E9B /* CardView.swift */; };
		D8AC93702A01267C00802E9B /* DishPortraitCollectionViewCell.swift in Sources */ = {isa = PBXBuildFile; fileRef = D8AC936E2A01267C00802E9B /* DishPortraitCollectionViewCell.swift */; };
		D8AC93712A01267C00802E9B /* DishPortraitCollectionViewCell.xib in Resources */ = {isa = PBXBuildFile; fileRef = D8AC936F2A01267C00802E9B /* DishPortraitCollectionViewCell.xib */; };
		D8AC93732A012B0300802E9B /* Dish.swift in Sources */ = {isa = PBXBuildFile; fileRef = D8AC93722A012B0300802E9B /* Dish.swift */; };
		D8AC93772A01333300802E9B /* DishLandscapeCollectionViewCell.swift in Sources */ = {isa = PBXBuildFile; fileRef = D8AC93752A01333300802E9B /* DishLandscapeCollectionViewCell.swift */; };
		D8AC93782A01333300802E9B /* DishLandscapeCollectionViewCell.xib in Resources */ = {isa = PBXBuildFile; fileRef = D8AC93762A01333300802E9B /* DishLandscapeCollectionViewCell.xib */; };
		D8AD7E4129F6A99E00072BD9 /* AppDelegate.swift in Sources */ = {isa = PBXBuildFile; fileRef = D8AD7E4029F6A99E00072BD9 /* AppDelegate.swift */; };
		D8AD7E4329F6A99E00072BD9 /* SceneDelegate.swift in Sources */ = {isa = PBXBuildFile; fileRef = D8AD7E4229F6A99E00072BD9 /* SceneDelegate.swift */; };
		D8AD7E4829F6A99E00072BD9 /* Main.storyboard in Resources */ = {isa = PBXBuildFile; fileRef = D8AD7E4629F6A99E00072BD9 /* Main.storyboard */; };
		D8AD7E4A29F6A99E00072BD9 /* Assets.xcassets in Resources */ = {isa = PBXBuildFile; fileRef = D8AD7E4929F6A99E00072BD9 /* Assets.xcassets */; };
		D8AD7E4D29F6A99E00072BD9 /* LaunchScreen.storyboard in Resources */ = {isa = PBXBuildFile; fileRef = D8AD7E4B29F6A99E00072BD9 /* LaunchScreen.storyboard */; };
		D8AD7E5929F6BB5D00072BD9 /* OnboardingViewController.swift in Sources */ = {isa = PBXBuildFile; fileRef = D8AD7E5829F6BB5D00072BD9 /* OnboardingViewController.swift */; };
		D8AD7E5C29F6BEC200072BD9 /* UIView+Extention.swift in Sources */ = {isa = PBXBuildFile; fileRef = D8AD7E5B29F6BEC200072BD9 /* UIView+Extention.swift */; };
		D8AD7E5E29F6BF9D00072BD9 /* OnboardingSlide.swift in Sources */ = {isa = PBXBuildFile; fileRef = D8AD7E5D29F6BF9D00072BD9 /* OnboardingSlide.swift */; };
		D8AD7E6029F6C3A200072BD9 /* OnboardingCollectionViewCell.swift in Sources */ = {isa = PBXBuildFile; fileRef = D8AD7E5F29F6C3A200072BD9 /* OnboardingCollectionViewCell.swift */; };
		D8AD7E6329F6D5B900072BD9 /* HomeViewController.swift in Sources */ = {isa = PBXBuildFile; fileRef = D8AD7E6229F6D5B900072BD9 /* HomeViewController.swift */; };
/* End PBXBuildFile section */

/* Begin PBXFileReference section */
		87D41A5A7973190B86F75F0C /* Pods_Yummie.framework */ = {isa = PBXFileReference; explicitFileType = wrapper.framework; includeInIndex = 0; path = Pods_Yummie.framework; sourceTree = BUILT_PRODUCTS_DIR; };
		A9470531903C9A52E297CCE5 /* Pods-Yummie.debug.xcconfig */ = {isa = PBXFileReference; includeInIndex = 1; lastKnownFileType = text.xcconfig; name = "Pods-Yummie.debug.xcconfig"; path = "Target Support Files/Pods-Yummie/Pods-Yummie.debug.xcconfig"; sourceTree = "<group>"; };
		D84F197229F7D0CD0034C6C6 /* CategoryCollectionViewCell.swift */ = {isa = PBXFileReference; lastKnownFileType = sourcecode.swift; path = CategoryCollectionViewCell.swift; sourceTree = "<group>"; };
		D84F197329F7D0CD0034C6C6 /* CategoryCollectionViewCell.xib */ = {isa = PBXFileReference; lastKnownFileType = file.xib; path = CategoryCollectionViewCell.xib; sourceTree = "<group>"; };
		D84F197629F7D3C30034C6C6 /* DishCategory.swift */ = {isa = PBXFileReference; lastKnownFileType = sourcecode.swift; path = DishCategory.swift; sourceTree = "<group>"; };
		D84F197829F7D5DA0034C6C6 /* String+Extention.swift */ = {isa = PBXFileReference; lastKnownFileType = sourcecode.swift; path = "String+Extention.swift"; sourceTree = "<group>"; };
		D8AC936B2A010FF600802E9B /* CardView.swift */ = {isa = PBXFileReference; lastKnownFileType = sourcecode.swift; path = CardView.swift; sourceTree = "<group>"; };
		D8AC936E2A01267C00802E9B /* DishPortraitCollectionViewCell.swift */ = {isa = PBXFileReference; lastKnownFileType = sourcecode.swift; path = DishPortraitCollectionViewCell.swift; sourceTree = "<group>"; };
		D8AC936F2A01267C00802E9B /* DishPortraitCollectionViewCell.xib */ = {isa = PBXFileReference; lastKnownFileType = file.xib; path = DishPortraitCollectionViewCell.xib; sourceTree = "<group>"; };
		D8AC93722A012B0300802E9B /* Dish.swift */ = {isa = PBXFileReference; lastKnownFileType = sourcecode.swift; path = Dish.swift; sourceTree = "<group>"; };
		D8AC93752A01333300802E9B /* DishLandscapeCollectionViewCell.swift */ = {isa = PBXFileReference; lastKnownFileType = sourcecode.swift; path = DishLandscapeCollectionViewCell.swift; sourceTree = "<group>"; };
		D8AC93762A01333300802E9B /* DishLandscapeCollectionViewCell.xib */ = {isa = PBXFileReference; lastKnownFileType = file.xib; path = DishLandscapeCollectionViewCell.xib; sourceTree = "<group>"; };
		D8AD7E3D29F6A99E00072BD9 /* Yummie.app */ = {isa = PBXFileReference; explicitFileType = wrapper.application; includeInIndex = 0; path = Yummie.app; sourceTree = BUILT_PRODUCTS_DIR; };
		D8AD7E4029F6A99E00072BD9 /* AppDelegate.swift */ = {isa = PBXFileReference; lastKnownFileType = sourcecode.swift; path = AppDelegate.swift; sourceTree = "<group>"; };
		D8AD7E4229F6A99E00072BD9 /* SceneDelegate.swift */ = {isa = PBXFileReference; lastKnownFileType = sourcecode.swift; path = SceneDelegate.swift; sourceTree = "<group>"; };
		D8AD7E4729F6A99E00072BD9 /* Base */ = {isa = PBXFileReference; lastKnownFileType = file.storyboard; name = Base; path = Base.lproj/Main.storyboard; sourceTree = "<group>"; };
		D8AD7E4929F6A99E00072BD9 /* Assets.xcassets */ = {isa = PBXFileReference; lastKnownFileType = folder.assetcatalog; path = Assets.xcassets; sourceTree = "<group>"; };
		D8AD7E4C29F6A99E00072BD9 /* Base */ = {isa = PBXFileReference; lastKnownFileType = file.storyboard; name = Base; path = Base.lproj/LaunchScreen.storyboard; sourceTree = "<group>"; };
		D8AD7E4E29F6A99E00072BD9 /* Info.plist */ = {isa = PBXFileReference; lastKnownFileType = text.plist.xml; path = Info.plist; sourceTree = "<group>"; };
		D8AD7E5829F6BB5D00072BD9 /* OnboardingViewController.swift */ = {isa = PBXFileReference; lastKnownFileType = sourcecode.swift; path = OnboardingViewController.swift; sourceTree = "<group>"; };
		D8AD7E5B29F6BEC200072BD9 /* UIView+Extention.swift */ = {isa = PBXFileReference; lastKnownFileType = sourcecode.swift; path = "UIView+Extention.swift"; sourceTree = "<group>"; };
		D8AD7E5D29F6BF9D00072BD9 /* OnboardingSlide.swift */ = {isa = PBXFileReference; lastKnownFileType = sourcecode.swift; path = OnboardingSlide.swift; sourceTree = "<group>"; };
		D8AD7E5F29F6C3A200072BD9 /* OnboardingCollectionViewCell.swift */ = {isa = PBXFileReference; lastKnownFileType = sourcecode.swift; path = OnboardingCollectionViewCell.swift; sourceTree = "<group>"; };
		D8AD7E6229F6D5B900072BD9 /* HomeViewController.swift */ = {isa = PBXFileReference; lastKnownFileType = sourcecode.swift; path = HomeViewController.swift; sourceTree = "<group>"; };
		F19CCD5D7C6D98A28DD5CEBB /* Pods-Yummie.release.xcconfig */ = {isa = PBXFileReference; includeInIndex = 1; lastKnownFileType = text.xcconfig; name = "Pods-Yummie.release.xcconfig"; path = "Target Support Files/Pods-Yummie/Pods-Yummie.release.xcconfig"; sourceTree = "<group>"; };
/* End PBXFileReference section */

/* Begin PBXFrameworksBuildPhase section */
		D8AD7E3A29F6A99E00072BD9 /* Frameworks */ = {
			isa = PBXFrameworksBuildPhase;
			buildActionMask = 2147483647;
			files = (
				B266C94A1CFE5E75170C6FF2 /* Pods_Yummie.framework in Frameworks */,
			);
			runOnlyForDeploymentPostprocessing = 0;
		};
/* End PBXFrameworksBuildPhase section */

/* Begin PBXGroup section */
		0773EE1F1DD21070540B3EB9 /* Pods */ = {
			isa = PBXGroup;
			children = (
				A9470531903C9A52E297CCE5 /* Pods-Yummie.debug.xcconfig */,
				F19CCD5D7C6D98A28DD5CEBB /* Pods-Yummie.release.xcconfig */,
			);
			path = Pods;
			sourceTree = "<group>";
		};
		65F7DD76E7C899755AC03015 /* Frameworks */ = {
			isa = PBXGroup;
			children = (
				87D41A5A7973190B86F75F0C /* Pods_Yummie.framework */,
			);
			name = Frameworks;
			sourceTree = "<group>";
		};
		D84F197029F7D0530034C6C6 /* CollectionViewCells */ = {
			isa = PBXGroup;
			children = (
				D8AC93742A0132D200802E9B /* DishLandscapeCollectionViewCell */,
				D8AC936D2A01263C00802E9B /* DishPortraitCollectionViewCell */,
				D84F197129F7D0670034C6C6 /* CategoryCollectionViewCell */,
			);
			path = CollectionViewCells;
			sourceTree = "<group>";
		};
		D84F197129F7D0670034C6C6 /* CategoryCollectionViewCell */ = {
			isa = PBXGroup;
			children = (
				D84F197229F7D0CD0034C6C6 /* CategoryCollectionViewCell.swift */,
				D84F197329F7D0CD0034C6C6 /* CategoryCollectionViewCell.xib */,
			);
			path = CategoryCollectionViewCell;
			sourceTree = "<group>";
		};
		D8AC936A2A010FCE00802E9B /* CardView */ = {
			isa = PBXGroup;
			children = (
				D8AC936B2A010FF600802E9B /* CardView.swift */,
			);
			path = CardView;
			sourceTree = "<group>";
		};
		D8AC936D2A01263C00802E9B /* DishPortraitCollectionViewCell */ = {
			isa = PBXGroup;
			children = (
				D8AC936E2A01267C00802E9B /* DishPortraitCollectionViewCell.swift */,
				D8AC936F2A01267C00802E9B /* DishPortraitCollectionViewCell.xib */,
			);
			path = DishPortraitCollectionViewCell;
			sourceTree = "<group>";
		};
		D8AC93742A0132D200802E9B /* DishLandscapeCollectionViewCell */ = {
			isa = PBXGroup;
			children = (
				D8AC93752A01333300802E9B /* DishLandscapeCollectionViewCell.swift */,
				D8AC93762A01333300802E9B /* DishLandscapeCollectionViewCell.xib */,
			);
			path = DishLandscapeCollectionViewCell;
			sourceTree = "<group>";
		};
		D8AD7E3429F6A99E00072BD9 = {
			isa = PBXGroup;
			children = (
				D8AD7E3F29F6A99E00072BD9 /* Yummie */,
				D8AD7E3E29F6A99E00072BD9 /* Products */,
				0773EE1F1DD21070540B3EB9 /* Pods */,
				65F7DD76E7C899755AC03015 /* Frameworks */,
			);
			sourceTree = "<group>";
		};
		D8AD7E3E29F6A99E00072BD9 /* Products */ = {
			isa = PBXGroup;
			children = (
				D8AD7E3D29F6A99E00072BD9 /* Yummie.app */,
			);
			name = Products;
			sourceTree = "<group>";
		};
		D8AD7E3F29F6A99E00072BD9 /* Yummie */ = {
			isa = PBXGroup;
			children = (
				D8AD7E5A29F6BE4200072BD9 /* Extentions */,
				D8AD7E5629F6BB2000072BD9 /* CustomViews */,
				D8AD7E5529F6BB1700072BD9 /* Views */,
				D8AD7E5429F6BB0F00072BD9 /* Models */,
				D8AD7E4029F6A99E00072BD9 /* AppDelegate.swift */,
				D8AD7E4229F6A99E00072BD9 /* SceneDelegate.swift */,
				D8AD7E4629F6A99E00072BD9 /* Main.storyboard */,
				D8AD7E4929F6A99E00072BD9 /* Assets.xcassets */,
				D8AD7E4B29F6A99E00072BD9 /* LaunchScreen.storyboard */,
				D8AD7E4E29F6A99E00072BD9 /* Info.plist */,
			);
			path = Yummie;
			sourceTree = "<group>";
		};
		D8AD7E5429F6BB0F00072BD9 /* Models */ = {
			isa = PBXGroup;
			children = (
				D8AD7E5D29F6BF9D00072BD9 /* OnboardingSlide.swift */,
				D84F197629F7D3C30034C6C6 /* DishCategory.swift */,
				D8AC93722A012B0300802E9B /* Dish.swift */,
			);
			path = Models;
			sourceTree = "<group>";
		};
		D8AD7E5529F6BB1700072BD9 /* Views */ = {
			isa = PBXGroup;
			children = (
				D8AD7E6129F6D5A000072BD9 /* Home */,
				D8AD7E5729F6BB2C00072BD9 /* Onboarding */,
			);
			path = Views;
			sourceTree = "<group>";
		};
		D8AD7E5629F6BB2000072BD9 /* CustomViews */ = {
			isa = PBXGroup;
			children = (
				D8AC936A2A010FCE00802E9B /* CardView */,
				D84F197029F7D0530034C6C6 /* CollectionViewCells */,
			);
			path = CustomViews;
			sourceTree = "<group>";
		};
		D8AD7E5729F6BB2C00072BD9 /* Onboarding */ = {
			isa = PBXGroup;
			children = (
				D8AD7E5829F6BB5D00072BD9 /* OnboardingViewController.swift */,
				D8AD7E5F29F6C3A200072BD9 /* OnboardingCollectionViewCell.swift */,
			);
			path = Onboarding;
			sourceTree = "<group>";
		};
		D8AD7E5A29F6BE4200072BD9 /* Extentions */ = {
			isa = PBXGroup;
			children = (
				D8AD7E5B29F6BEC200072BD9 /* UIView+Extention.swift */,
				D84F197829F7D5DA0034C6C6 /* String+Extention.swift */,
			);
			path = Extentions;
			sourceTree = "<group>";
		};
		D8AD7E6129F6D5A000072BD9 /* Home */ = {
			isa = PBXGroup;
			children = (
				D8AD7E6229F6D5B900072BD9 /* HomeViewController.swift */,
			);
			path = Home;
			sourceTree = "<group>";
		};
/* End PBXGroup section */

/* Begin PBXNativeTarget section */
		D8AD7E3C29F6A99E00072BD9 /* Yummie */ = {
			isa = PBXNativeTarget;
			buildConfigurationList = D8AD7E5129F6A99E00072BD9 /* Build configuration list for PBXNativeTarget "Yummie" */;
			buildPhases = (
				756A1BEC548D2A09DE14A69C /* [CP] Check Pods Manifest.lock */,
				D8AD7E3929F6A99E00072BD9 /* Sources */,
				D8AD7E3A29F6A99E00072BD9 /* Frameworks */,
				D8AD7E3B29F6A99E00072BD9 /* Resources */,
				391825D4C2E7A97B2C6079D8 /* [CP] Embed Pods Frameworks */,
			);
			buildRules = (
			);
			dependencies = (
			);
			name = Yummie;
			productName = Yummie;
			productReference = D8AD7E3D29F6A99E00072BD9 /* Yummie.app */;
			productType = "com.apple.product-type.application";
		};
/* End PBXNativeTarget section */

/* Begin PBXProject section */
		D8AD7E3529F6A99E00072BD9 /* Project object */ = {
			isa = PBXProject;
			attributes = {
				BuildIndependentTargetsInParallel = 1;
				LastSwiftUpdateCheck = 1420;
				LastUpgradeCheck = 1420;
				TargetAttributes = {
					D8AD7E3C29F6A99E00072BD9 = {
						CreatedOnToolsVersion = 14.2;
					};
				};
			};
			buildConfigurationList = D8AD7E3829F6A99E00072BD9 /* Build configuration list for PBXProject "Yummie" */;
			compatibilityVersion = "Xcode 14.0";
			developmentRegion = en;
			hasScannedForEncodings = 0;
			knownRegions = (
				en,
				Base,
			);
			mainGroup = D8AD7E3429F6A99E00072BD9;
			productRefGroup = D8AD7E3E29F6A99E00072BD9 /* Products */;
			projectDirPath = "";
			projectRoot = "";
			targets = (
				D8AD7E3C29F6A99E00072BD9 /* Yummie */,
			);
		};
/* End PBXProject section */

/* Begin PBXResourcesBuildPhase section */
		D8AD7E3B29F6A99E00072BD9 /* Resources */ = {
			isa = PBXResourcesBuildPhase;
			buildActionMask = 2147483647;
			files = (
				D84F197529F7D0CD0034C6C6 /* CategoryCollectionViewCell.xib in Resources */,
				D8AD7E4D29F6A99E00072BD9 /* LaunchScreen.storyboard in Resources */,
				D8AC93712A01267C00802E9B /* DishPortraitCollectionViewCell.xib in Resources */,
				D8AD7E4A29F6A99E00072BD9 /* Assets.xcassets in Resources */,
				D8AC93782A01333300802E9B /* DishLandscapeCollectionViewCell.xib in Resources */,
				D8AD7E4829F6A99E00072BD9 /* Main.storyboard in Resources */,
			);
			runOnlyForDeploymentPostprocessing = 0;
		};
/* End PBXResourcesBuildPhase section */

/* Begin PBXShellScriptBuildPhase section */
		391825D4C2E7A97B2C6079D8 /* [CP] Embed Pods Frameworks */ = {
			isa = PBXShellScriptBuildPhase;
			buildActionMask = 2147483647;
			files = (
			);
			inputFileListPaths = (
				"${PODS_ROOT}/Target Support Files/Pods-Yummie/Pods-Yummie-frameworks-${CONFIGURATION}-input-files.xcfilelist",
			);
			name = "[CP] Embed Pods Frameworks";
			outputFileListPaths = (
				"${PODS_ROOT}/Target Support Files/Pods-Yummie/Pods-Yummie-frameworks-${CONFIGURATION}-output-files.xcfilelist",
			);
			runOnlyForDeploymentPostprocessing = 0;
			shellPath = /bin/sh;
			shellScript = "\"${PODS_ROOT}/Target Support Files/Pods-Yummie/Pods-Yummie-frameworks.sh\"\n";
			showEnvVarsInLog = 0;
		};
		756A1BEC548D2A09DE14A69C /* [CP] Check Pods Manifest.lock */ = {
			isa = PBXShellScriptBuildPhase;
			buildActionMask = 2147483647;
			files = (
			);
			inputFileListPaths = (
			);
			inputPaths = (
				"${PODS_PODFILE_DIR_PATH}/Podfile.lock",
				"${PODS_ROOT}/Manifest.lock",
			);
			name = "[CP] Check Pods Manifest.lock";
			outputFileListPaths = (
			);
			outputPaths = (
				"$(DERIVED_FILE_DIR)/Pods-Yummie-checkManifestLockResult.txt",
			);
			runOnlyForDeploymentPostprocessing = 0;
			shellPath = /bin/sh;
			shellScript = "diff \"${PODS_PODFILE_DIR_PATH}/Podfile.lock\" \"${PODS_ROOT}/Manifest.lock\" > /dev/null\nif [ $? != 0 ] ; then\n    # print error to STDERR\n    echo \"error: The sandbox is not in sync with the Podfile.lock. Run 'pod install' or update your CocoaPods installation.\" >&2\n    exit 1\nfi\n# This output is used by Xcode 'outputs' to avoid re-running this script phase.\necho \"SUCCESS\" > \"${SCRIPT_OUTPUT_FILE_0}\"\n";
			showEnvVarsInLog = 0;
		};
/* End PBXShellScriptBuildPhase section */

/* Begin PBXSourcesBuildPhase section */
		D8AD7E3929F6A99E00072BD9 /* Sources */ = {
			isa = PBXSourcesBuildPhase;
			buildActionMask = 2147483647;
			files = (
				D84F197429F7D0CD0034C6C6 /* CategoryCollectionViewCell.swift in Sources */,
				D8AD7E5E29F6BF9D00072BD9 /* OnboardingSlide.swift in Sources */,
				D8AD7E4129F6A99E00072BD9 /* AppDelegate.swift in Sources */,
				D84F197929F7D5DA0034C6C6 /* String+Extention.swift in Sources */,
				D8AD7E4329F6A99E00072BD9 /* SceneDelegate.swift in Sources */,
				D8AD7E5929F6BB5D00072BD9 /* OnboardingViewController.swift in Sources */,
				D8AD7E5C29F6BEC200072BD9 /* UIView+Extention.swift in Sources */,
				D8AD7E6329F6D5B900072BD9 /* HomeViewController.swift in Sources */,
				D8AC93772A01333300802E9B /* DishLandscapeCollectionViewCell.swift in Sources */,
				D84F197729F7D3C30034C6C6 /* DishCategory.swift in Sources */,
				D8AC936C2A010FF600802E9B /* CardView.swift in Sources */,
				D8AD7E6029F6C3A200072BD9 /* OnboardingCollectionViewCell.swift in Sources */,
				D8AC93732A012B0300802E9B /* Dish.swift in Sources */,
				D8AC93702A01267C00802E9B /* DishPortraitCollectionViewCell.swift in Sources */,
			);
			runOnlyForDeploymentPostprocessing = 0;
		};
/* End PBXSourcesBuildPhase section */

/* Begin PBXVariantGroup section */
		D8AD7E4629F6A99E00072BD9 /* Main.storyboard */ = {
			isa = PBXVariantGroup;
			children = (
				D8AD7E4729F6A99E00072BD9 /* Base */,
			);
			name = Main.storyboard;
			sourceTree = "<group>";
		};
		D8AD7E4B29F6A99E00072BD9 /* LaunchScreen.storyboard */ = {
			isa = PBXVariantGroup;
			children = (
				D8AD7E4C29F6A99E00072BD9 /* Base */,
			);
			name = LaunchScreen.storyboard;
			sourceTree = "<group>";
		};
/* End PBXVariantGroup section */

/* Begin XCBuildConfiguration section */
		D8AD7E4F29F6A99E00072BD9 /* Debug */ = {
			isa = XCBuildConfiguration;
			buildSettings = {
				ALWAYS_SEARCH_USER_PATHS = NO;
				CLANG_ANALYZER_NONNULL = YES;
				CLANG_ANALYZER_NUMBER_OBJECT_CONVERSION = YES_AGGRESSIVE;
				CLANG_CXX_LANGUAGE_STANDARD = "gnu++20";
				CLANG_ENABLE_MODULES = YES;
				CLANG_ENABLE_OBJC_ARC = YES;
				CLANG_ENABLE_OBJC_WEAK = YES;
				CLANG_WARN_BLOCK_CAPTURE_AUTORELEASING = YES;
				CLANG_WARN_BOOL_CONVERSION = YES;
				CLANG_WARN_COMMA = YES;
				CLANG_WARN_CONSTANT_CONVERSION = YES;
				CLANG_WARN_DEPRECATED_OBJC_IMPLEMENTATIONS = YES;
				CLANG_WARN_DIRECT_OBJC_ISA_USAGE = YES_ERROR;
				CLANG_WARN_DOCUMENTATION_COMMENTS = YES;
				CLANG_WARN_EMPTY_BODY = YES;
				CLANG_WARN_ENUM_CONVERSION = YES;
				CLANG_WARN_INFINITE_RECURSION = YES;
				CLANG_WARN_INT_CONVERSION = YES;
				CLANG_WARN_NON_LITERAL_NULL_CONVERSION = YES;
				CLANG_WARN_OBJC_IMPLICIT_RETAIN_SELF = YES;
				CLANG_WARN_OBJC_LITERAL_CONVERSION = YES;
				CLANG_WARN_OBJC_ROOT_CLASS = YES_ERROR;
				CLANG_WARN_QUOTED_INCLUDE_IN_FRAMEWORK_HEADER = YES;
				CLANG_WARN_RANGE_LOOP_ANALYSIS = YES;
				CLANG_WARN_STRICT_PROTOTYPES = YES;
				CLANG_WARN_SUSPICIOUS_MOVE = YES;
				CLANG_WARN_UNGUARDED_AVAILABILITY = YES_AGGRESSIVE;
				CLANG_WARN_UNREACHABLE_CODE = YES;
				CLANG_WARN__DUPLICATE_METHOD_MATCH = YES;
				COPY_PHASE_STRIP = NO;
				DEBUG_INFORMATION_FORMAT = dwarf;
				ENABLE_STRICT_OBJC_MSGSEND = YES;
				ENABLE_TESTABILITY = YES;
				GCC_C_LANGUAGE_STANDARD = gnu11;
				GCC_DYNAMIC_NO_PIC = NO;
				GCC_NO_COMMON_BLOCKS = YES;
				GCC_OPTIMIZATION_LEVEL = 0;
				GCC_PREPROCESSOR_DEFINITIONS = (
					"DEBUG=1",
					"$(inherited)",
				);
				GCC_WARN_64_TO_32_BIT_CONVERSION = YES;
				GCC_WARN_ABOUT_RETURN_TYPE = YES_ERROR;
				GCC_WARN_UNDECLARED_SELECTOR = YES;
				GCC_WARN_UNINITIALIZED_AUTOS = YES_AGGRESSIVE;
				GCC_WARN_UNUSED_FUNCTION = YES;
				GCC_WARN_UNUSED_VARIABLE = YES;
				IPHONEOS_DEPLOYMENT_TARGET = 16.2;
				MTL_ENABLE_DEBUG_INFO = INCLUDE_SOURCE;
				MTL_FAST_MATH = YES;
				ONLY_ACTIVE_ARCH = YES;
				SDKROOT = iphoneos;
				SWIFT_ACTIVE_COMPILATION_CONDITIONS = DEBUG;
				SWIFT_OPTIMIZATION_LEVEL = "-Onone";
			};
			name = Debug;
		};
		D8AD7E5029F6A99E00072BD9 /* Release */ = {
			isa = XCBuildConfiguration;
			buildSettings = {
				ALWAYS_SEARCH_USER_PATHS = NO;
				CLANG_ANALYZER_NONNULL = YES;
				CLANG_ANALYZER_NUMBER_OBJECT_CONVERSION = YES_AGGRESSIVE;
				CLANG_CXX_LANGUAGE_STANDARD = "gnu++20";
				CLANG_ENABLE_MODULES = YES;
				CLANG_ENABLE_OBJC_ARC = YES;
				CLANG_ENABLE_OBJC_WEAK = YES;
				CLANG_WARN_BLOCK_CAPTURE_AUTORELEASING = YES;
				CLANG_WARN_BOOL_CONVERSION = YES;
				CLANG_WARN_COMMA = YES;
				CLANG_WARN_CONSTANT_CONVERSION = YES;
				CLANG_WARN_DEPRECATED_OBJC_IMPLEMENTATIONS = YES;
				CLANG_WARN_DIRECT_OBJC_ISA_USAGE = YES_ERROR;
				CLANG_WARN_DOCUMENTATION_COMMENTS = YES;
				CLANG_WARN_EMPTY_BODY = YES;
				CLANG_WARN_ENUM_CONVERSION = YES;
				CLANG_WARN_INFINITE_RECURSION = YES;
				CLANG_WARN_INT_CONVERSION = YES;
				CLANG_WARN_NON_LITERAL_NULL_CONVERSION = YES;
				CLANG_WARN_OBJC_IMPLICIT_RETAIN_SELF = YES;
				CLANG_WARN_OBJC_LITERAL_CONVERSION = YES;
				CLANG_WARN_OBJC_ROOT_CLASS = YES_ERROR;
				CLANG_WARN_QUOTED_INCLUDE_IN_FRAMEWORK_HEADER = YES;
				CLANG_WARN_RANGE_LOOP_ANALYSIS = YES;
				CLANG_WARN_STRICT_PROTOTYPES = YES;
				CLANG_WARN_SUSPICIOUS_MOVE = YES;
				CLANG_WARN_UNGUARDED_AVAILABILITY = YES_AGGRESSIVE;
				CLANG_WARN_UNREACHABLE_CODE = YES;
				CLANG_WARN__DUPLICATE_METHOD_MATCH = YES;
				COPY_PHASE_STRIP = NO;
				DEBUG_INFORMATION_FORMAT = "dwarf-with-dsym";
				ENABLE_NS_ASSERTIONS = NO;
				ENABLE_STRICT_OBJC_MSGSEND = YES;
				GCC_C_LANGUAGE_STANDARD = gnu11;
				GCC_NO_COMMON_BLOCKS = YES;
				GCC_WARN_64_TO_32_BIT_CONVERSION = YES;
				GCC_WARN_ABOUT_RETURN_TYPE = YES_ERROR;
				GCC_WARN_UNDECLARED_SELECTOR = YES;
				GCC_WARN_UNINITIALIZED_AUTOS = YES_AGGRESSIVE;
				GCC_WARN_UNUSED_FUNCTION = YES;
				GCC_WARN_UNUSED_VARIABLE = YES;
				IPHONEOS_DEPLOYMENT_TARGET = 16.2;
				MTL_ENABLE_DEBUG_INFO = NO;
				MTL_FAST_MATH = YES;
				SDKROOT = iphoneos;
				SWIFT_COMPILATION_MODE = wholemodule;
				SWIFT_OPTIMIZATION_LEVEL = "-O";
				VALIDATE_PRODUCT = YES;
			};
			name = Release;
		};
		D8AD7E5229F6A99E00072BD9 /* Debug */ = {
			isa = XCBuildConfiguration;
			baseConfigurationReference = A9470531903C9A52E297CCE5 /* Pods-Yummie.debug.xcconfig */;
			buildSettings = {
				ASSETCATALOG_COMPILER_APPICON_NAME = AppIcon;
				ASSETCATALOG_COMPILER_GLOBAL_ACCENT_COLOR_NAME = AccentColor;
				CODE_SIGN_STYLE = Automatic;
				CURRENT_PROJECT_VERSION = 1;
				DEVELOPMENT_TEAM = 6V8RYTN3WC;
				GENERATE_INFOPLIST_FILE = YES;
				INFOPLIST_FILE = Yummie/Info.plist;
				INFOPLIST_KEY_UIApplicationSupportsIndirectInputEvents = YES;
				INFOPLIST_KEY_UILaunchStoryboardName = LaunchScreen;
				INFOPLIST_KEY_UIMainStoryboardFile = Main;
				INFOPLIST_KEY_UISupportedInterfaceOrientations_iPad = "UIInterfaceOrientationPortrait UIInterfaceOrientationPortraitUpsideDown UIInterfaceOrientationLandscapeLeft UIInterfaceOrientationLandscapeRight";
				INFOPLIST_KEY_UISupportedInterfaceOrientations_iPhone = "UIInterfaceOrientationPortrait UIInterfaceOrientationLandscapeLeft UIInterfaceOrientationLandscapeRight";
				LD_RUNPATH_SEARCH_PATHS = (
					"$(inherited)",
					"@executable_path/Frameworks",
				);
				MARKETING_VERSION = 1.0;
				PRODUCT_BUNDLE_IDENTIFIER = com.kocakaysegul.Yummie;
				PRODUCT_NAME = "$(TARGET_NAME)";
				SWIFT_EMIT_LOC_STRINGS = YES;
				SWIFT_VERSION = 5.0;
				TARGETED_DEVICE_FAMILY = "1,2";
			};
			name = Debug;
		};
		D8AD7E5329F6A99E00072BD9 /* Release */ = {
			isa = XCBuildConfiguration;
			baseConfigurationReference = F19CCD5D7C6D98A28DD5CEBB /* Pods-Yummie.release.xcconfig */;
			buildSettings = {
				ASSETCATALOG_COMPILER_APPICON_NAME = AppIcon;
				ASSETCATALOG_COMPILER_GLOBAL_ACCENT_COLOR_NAME = AccentColor;
				CODE_SIGN_STYLE = Automatic;
				CURRENT_PROJECT_VERSION = 1;
				DEVELOPMENT_TEAM = 6V8RYTN3WC;
				GENERATE_INFOPLIST_FILE = YES;
				INFOPLIST_FILE = Yummie/Info.plist;
				INFOPLIST_KEY_UIApplicationSupportsIndirectInputEvents = YES;
				INFOPLIST_KEY_UILaunchStoryboardName = LaunchScreen;
				INFOPLIST_KEY_UIMainStoryboardFile = Main;
				INFOPLIST_KEY_UISupportedInterfaceOrientations_iPad = "UIInterfaceOrientationPortrait UIInterfaceOrientationPortraitUpsideDown UIInterfaceOrientationLandscapeLeft UIInterfaceOrientationLandscapeRight";
				INFOPLIST_KEY_UISupportedInterfaceOrientations_iPhone = "UIInterfaceOrientationPortrait UIInterfaceOrientationLandscapeLeft UIInterfaceOrientationLandscapeRight";
				LD_RUNPATH_SEARCH_PATHS = (
					"$(inherited)",
					"@executable_path/Frameworks",
				);
				MARKETING_VERSION = 1.0;
				PRODUCT_BUNDLE_IDENTIFIER = com.kocakaysegul.Yummie;
				PRODUCT_NAME = "$(TARGET_NAME)";
				SWIFT_EMIT_LOC_STRINGS = YES;
				SWIFT_VERSION = 5.0;
				TARGETED_DEVICE_FAMILY = "1,2";
			};
			name = Release;
		};
/* End XCBuildConfiguration section */

/* Begin XCConfigurationList section */
		D8AD7E3829F6A99E00072BD9 /* Build configuration list for PBXProject "Yummie" */ = {
			isa = XCConfigurationList;
			buildConfigurations = (
				D8AD7E4F29F6A99E00072BD9 /* Debug */,
				D8AD7E5029F6A99E00072BD9 /* Release */,
			);
			defaultConfigurationIsVisible = 0;
			defaultConfigurationName = Release;
		};
		D8AD7E5129F6A99E00072BD9 /* Build configuration list for PBXNativeTarget "Yummie" */ = {
			isa = XCConfigurationList;
			buildConfigurations = (
				D8AD7E5229F6A99E00072BD9 /* Debug */,
				D8AD7E5329F6A99E00072BD9 /* Release */,
			);
			defaultConfigurationIsVisible = 0;
			defaultConfigurationName = Release;
		};
/* End XCConfigurationList section */
	};
	rootObject = D8AD7E3529F6A99E00072BD9 /* Project object */;
}
